// !$*UTF8*$!
{
	archiveVersion = 1;
	classes = {
	};
	objectVersion = 45;
	objects = {

/* Begin PBXBuildFile section */
		1D3623260D0F684500981E51 /* Repper_iOSAppDelegate.m in Sources */ = {isa = PBXBuildFile; fileRef = 1D3623250D0F684500981E51 /* Repper_iOSAppDelegate.m */; };
		1D60589B0D05DD56006BFB54 /* main.m in Sources */ = {isa = PBXBuildFile; fileRef = 29B97316FDCFA39411CA2CEA /* main.m */; };
		1D60589F0D05DD5A006BFB54 /* Foundation.framework in Frameworks */ = {isa = PBXBuildFile; fileRef = 1D30AB110D05D00D00671497 /* Foundation.framework */; };
		1DF5F4E00D08C38300B7A737 /* UIKit.framework in Frameworks */ = {isa = PBXBuildFile; fileRef = 1DF5F4DF0D08C38300B7A737 /* UIKit.framework */; };
		288765FD0DF74451002DB57D /* CoreGraphics.framework in Frameworks */ = {isa = PBXBuildFile; fileRef = 288765FC0DF74451002DB57D /* CoreGraphics.framework */; };
		28AD733F0D9D9553002E5188 /* MainWindow.xib in Resources */ = {isa = PBXBuildFile; fileRef = 28AD733E0D9D9553002E5188 /* MainWindow.xib */; };
		DE37CC5A13392662002F1869 /* iTunesArtwork in Resources */ = {isa = PBXBuildFile; fileRef = DE37CC5913392662002F1869 /* iTunesArtwork */; };
		DE3A9E9413325B61001D7D9C /* RepperObject.m in Sources */ = {isa = PBXBuildFile; fileRef = DE3A9E9313325B61001D7D9C /* RepperObject.m */; };
		DE4CC568133671D800F1CF91 /* calculateButon.png in Resources */ = {isa = PBXBuildFile; fileRef = DE4CC567133671D800F1CF91 /* calculateButon.png */; };
		DE57CD38132EE717000B34CE /* MainViewController.m in Sources */ = {isa = PBXBuildFile; fileRef = DE57CD36132EE717000B34CE /* MainViewController.m */; };
		DE57CD39132EE717000B34CE /* MainViewController.xib in Resources */ = {isa = PBXBuildFile; fileRef = DE57CD37132EE717000B34CE /* MainViewController.xib */; };
		DE57CD51132EE78A000B34CE /* RepsViewController.m in Sources */ = {isa = PBXBuildFile; fileRef = DE57CD4F132EE78A000B34CE /* RepsViewController.m */; };
		DE57CD52132EE78A000B34CE /* RepsViewController.xib in Resources */ = {isa = PBXBuildFile; fileRef = DE57CD50132EE78A000B34CE /* RepsViewController.xib */; };
		DE57CD5F132EEE5D000B34CE /* fitness_background.jpg in Resources */ = {isa = PBXBuildFile; fileRef = DE57CD5E132EEE5D000B34CE /* fitness_background.jpg */; };
		DE64C1CC133051950090F456 /* AppDataObject.m in Sources */ = {isa = PBXBuildFile; fileRef = DE64C1CB133051950090F456 /* AppDataObject.m */; };
		DE64C1D6133068900090F456 /* ExampleAppDataObject.m in Sources */ = {isa = PBXBuildFile; fileRef = DE64C1D5133068900090F456 /* ExampleAppDataObject.m */; };
		DE6927D113319CAE00C890A2 /* SetTableViewCell.m in Sources */ = {isa = PBXBuildFile; fileRef = DE6927D013319CAE00C890A2 /* SetTableViewCell.m */; };
		DE6927D31331A1FA00C890A2 /* SetTableViewCell.xib in Resources */ = {isa = PBXBuildFile; fileRef = DE6927D21331A1FA00C890A2 /* SetTableViewCell.xib */; };
		DEAFB900132FD2E300C33988 /* WeightTextFieldDelegate.m in Sources */ = {isa = PBXBuildFile; fileRef = DEAFB8FF132FD2E300C33988 /* WeightTextFieldDelegate.m */; };
		DEAFB96A132FDF3F00C33988 /* QuartzCore.framework in Frameworks */ = {isa = PBXBuildFile; fileRef = DEAFB969132FDF3F00C33988 /* QuartzCore.framework */; };
		DEF66BA21338E95F002D56CB /* Icon-72.png in Resources */ = {isa = PBXBuildFile; fileRef = DEF66B9C1338E95F002D56CB /* Icon-72.png */; };
		DEF66BA31338E95F002D56CB /* Icon-Small-50.png in Resources */ = {isa = PBXBuildFile; fileRef = DEF66B9D1338E95F002D56CB /* Icon-Small-50.png */; };
		DEF66BA41338E95F002D56CB /* Icon-Small.png in Resources */ = {isa = PBXBuildFile; fileRef = DEF66B9E1338E95F002D56CB /* Icon-Small.png */; };
		DEF66BA51338E95F002D56CB /* Icon-Small@2x.png in Resources */ = {isa = PBXBuildFile; fileRef = DEF66B9F1338E95F002D56CB /* Icon-Small@2x.png */; };
		DEF66BA61338E95F002D56CB /* Icon.png in Resources */ = {isa = PBXBuildFile; fileRef = DEF66BA01338E95F002D56CB /* Icon.png */; };
		DEF66BA71338E95F002D56CB /* Icon@2x.png in Resources */ = {isa = PBXBuildFile; fileRef = DEF66BA11338E95F002D56CB /* Icon@2x.png */; };
/* End PBXBuildFile section */

/* Begin PBXFileReference section */
		1D30AB110D05D00D00671497 /* Foundation.framework */ = {isa = PBXFileReference; lastKnownFileType = wrapper.framework; name = Foundation.framework; path = System/Library/Frameworks/Foundation.framework; sourceTree = SDKROOT; };
		1D3623240D0F684500981E51 /* Repper_iOSAppDelegate.h */ = {isa = PBXFileReference; fileEncoding = 4; lastKnownFileType = sourcecode.c.h; path = Repper_iOSAppDelegate.h; sourceTree = "<group>"; };
		1D3623250D0F684500981E51 /* Repper_iOSAppDelegate.m */ = {isa = PBXFileReference; fileEncoding = 4; lastKnownFileType = sourcecode.c.objc; path = Repper_iOSAppDelegate.m; sourceTree = "<group>"; };
		1D6058910D05DD3D006BFB54 /* Repper.app */ = {isa = PBXFileReference; explicitFileType = wrapper.application; includeInIndex = 0; path = Repper.app; sourceTree = BUILT_PRODUCTS_DIR; };
		1DF5F4DF0D08C38300B7A737 /* UIKit.framework */ = {isa = PBXFileReference; lastKnownFileType = wrapper.framework; name = UIKit.framework; path = System/Library/Frameworks/UIKit.framework; sourceTree = SDKROOT; };
		288765FC0DF74451002DB57D /* CoreGraphics.framework */ = {isa = PBXFileReference; lastKnownFileType = wrapper.framework; name = CoreGraphics.framework; path = System/Library/Frameworks/CoreGraphics.framework; sourceTree = SDKROOT; };
		28AD733E0D9D9553002E5188 /* MainWindow.xib */ = {isa = PBXFileReference; lastKnownFileType = file.xib; path = MainWindow.xib; sourceTree = "<group>"; };
		29B97316FDCFA39411CA2CEA /* main.m */ = {isa = PBXFileReference; fileEncoding = 4; lastKnownFileType = sourcecode.c.objc; path = main.m; sourceTree = "<group>"; };
		32CA4F630368D1EE00C91783 /* Repper_iOS_Prefix.pch */ = {isa = PBXFileReference; fileEncoding = 4; lastKnownFileType = sourcecode.c.h; path = Repper_iOS_Prefix.pch; sourceTree = "<group>"; };
		8D1107310486CEB800E47090 /* Repper_iOS-Info.plist */ = {isa = PBXFileReference; fileEncoding = 4; lastKnownFileType = text.plist.xml; path = "Repper_iOS-Info.plist"; plistStructureDefinitionIdentifier = "com.apple.xcode.plist.structure-definition.iphone.info-plist"; sourceTree = "<group>"; };
		DE37CC5913392662002F1869 /* iTunesArtwork */ = {isa = PBXFileReference; lastKnownFileType = file; path = iTunesArtwork; sourceTree = "<group>"; };
		DE3A9E9213325B61001D7D9C /* RepperObject.h */ = {isa = PBXFileReference; fileEncoding = 4; lastKnownFileType = sourcecode.c.h; path = RepperObject.h; sourceTree = "<group>"; };
		DE3A9E9313325B61001D7D9C /* RepperObject.m */ = {isa = PBXFileReference; fileEncoding = 4; lastKnownFileType = sourcecode.c.objc; path = RepperObject.m; sourceTree = "<group>"; };
		DE4CC567133671D800F1CF91 /* calculateButon.png */ = {isa = PBXFileReference; lastKnownFileType = image.png; path = calculateButon.png; sourceTree = "<group>"; };
		DE57CD35132EE717000B34CE /* MainViewController.h */ = {isa = PBXFileReference; fileEncoding = 4; lastKnownFileType = sourcecode.c.h; path = MainViewController.h; sourceTree = "<group>"; };
		DE57CD36132EE717000B34CE /* MainViewController.m */ = {isa = PBXFileReference; fileEncoding = 4; lastKnownFileType = sourcecode.c.objc; path = MainViewController.m; sourceTree = "<group>"; };
		DE57CD37132EE717000B34CE /* MainViewController.xib */ = {isa = PBXFileReference; lastKnownFileType = file.xib; name = MainViewController.xib; path = Classes/MainViewController.xib; sourceTree = "<group>"; };
		DE57CD4E132EE78A000B34CE /* RepsViewController.h */ = {isa = PBXFileReference; fileEncoding = 4; lastKnownFileType = sourcecode.c.h; path = RepsViewController.h; sourceTree = "<group>"; };
		DE57CD4F132EE78A000B34CE /* RepsViewController.m */ = {isa = PBXFileReference; fileEncoding = 4; lastKnownFileType = sourcecode.c.objc; path = RepsViewController.m; sourceTree = "<group>"; };
		DE57CD50132EE78A000B34CE /* RepsViewController.xib */ = {isa = PBXFileReference; lastKnownFileType = file.xib; name = RepsViewController.xib; path = Classes/RepsViewController.xib; sourceTree = "<group>"; };
		DE57CD5E132EEE5D000B34CE /* fitness_background.jpg */ = {isa = PBXFileReference; lastKnownFileType = image.jpeg; path = fitness_background.jpg; sourceTree = "<group>"; };
		DE64C1CA133051940090F456 /* AppDataObject.h */ = {isa = PBXFileReference; fileEncoding = 4; lastKnownFileType = sourcecode.c.h; name = AppDataObject.h; path = Classes/AppDataObject.h; sourceTree = "<group>"; };
		DE64C1CB133051950090F456 /* AppDataObject.m */ = {isa = PBXFileReference; fileEncoding = 4; lastKnownFileType = sourcecode.c.objc; name = AppDataObject.m; path = Classes/AppDataObject.m; sourceTree = "<group>"; };
		DE64C1CF133053060090F456 /* AppDelegateProtocol.h */ = {isa = PBXFileReference; fileEncoding = 4; lastKnownFileType = sourcecode.c.h; name = AppDelegateProtocol.h; path = Classes/AppDelegateProtocol.h; sourceTree = "<group>"; };
		DE64C1D4133068900090F456 /* ExampleAppDataObject.h */ = {isa = PBXFileReference; fileEncoding = 4; lastKnownFileType = sourcecode.c.h; name = ExampleAppDataObject.h; path = Classes/ExampleAppDataObject.h; sourceTree = "<group>"; };
		DE64C1D5133068900090F456 /* ExampleAppDataObject.m */ = {isa = PBXFileReference; fileEncoding = 4; lastKnownFileType = sourcecode.c.objc; name = ExampleAppDataObject.m; path = Classes/ExampleAppDataObject.m; sourceTree = "<group>"; };
		DE6927CF13319CAE00C890A2 /* SetTableViewCell.h */ = {isa = PBXFileReference; fileEncoding = 4; lastKnownFileType = sourcecode.c.h; path = SetTableViewCell.h; sourceTree = "<group>"; };
		DE6927D013319CAE00C890A2 /* SetTableViewCell.m */ = {isa = PBXFileReference; fileEncoding = 4; lastKnownFileType = sourcecode.c.objc; path = SetTableViewCell.m; sourceTree = "<group>"; };
		DE6927D21331A1FA00C890A2 /* SetTableViewCell.xib */ = {isa = PBXFileReference; lastKnownFileType = file.xib; path = SetTableViewCell.xib; sourceTree = "<group>"; };
		DEAFB8FE132FD2E300C33988 /* WeightTextFieldDelegate.h */ = {isa = PBXFileReference; fileEncoding = 4; lastKnownFileType = sourcecode.c.h; path = WeightTextFieldDelegate.h; sourceTree = "<group>"; };
		DEAFB8FF132FD2E300C33988 /* WeightTextFieldDelegate.m */ = {isa = PBXFileReference; fileEncoding = 4; lastKnownFileType = sourcecode.c.objc; path = WeightTextFieldDelegate.m; sourceTree = "<group>"; };
		DEAFB969132FDF3F00C33988 /* QuartzCore.framework */ = {isa = PBXFileReference; lastKnownFileType = wrapper.framework; name = QuartzCore.framework; path = System/Library/Frameworks/QuartzCore.framework; sourceTree = SDKROOT; };
		DEF66B9C1338E95F002D56CB /* Icon-72.png */ = {isa = PBXFileReference; lastKnownFileType = image.png; path = "Icon-72.png"; sourceTree = "<group>"; };
		DEF66B9D1338E95F002D56CB /* Icon-Small-50.png */ = {isa = PBXFileReference; lastKnownFileType = image.png; path = "Icon-Small-50.png"; sourceTree = "<group>"; };
		DEF66B9E1338E95F002D56CB /* Icon-Small.png */ = {isa = PBXFileReference; lastKnownFileType = image.png; path = "Icon-Small.png"; sourceTree = "<group>"; };
		DEF66B9F1338E95F002D56CB /* Icon-Small@2x.png */ = {isa = PBXFileReference; lastKnownFileType = image.png; path = "Icon-Small@2x.png"; sourceTree = "<group>"; };
		DEF66BA01338E95F002D56CB /* Icon.png */ = {isa = PBXFileReference; lastKnownFileType = image.png; path = Icon.png; sourceTree = "<group>"; };
		DEF66BA11338E95F002D56CB /* Icon@2x.png */ = {isa = PBXFileReference; lastKnownFileType = image.png; path = "Icon@2x.png"; sourceTree = "<group>"; };
/* End PBXFileReference section */

/* Begin PBXFrameworksBuildPhase section */
		1D60588F0D05DD3D006BFB54 /* Frameworks */ = {
			isa = PBXFrameworksBuildPhase;
			buildActionMask = 2147483647;
			files = (
				1D60589F0D05DD5A006BFB54 /* Foundation.framework in Frameworks */,
				1DF5F4E00D08C38300B7A737 /* UIKit.framework in Frameworks */,
				288765FD0DF74451002DB57D /* CoreGraphics.framework in Frameworks */,
				DEAFB96A132FDF3F00C33988 /* QuartzCore.framework in Frameworks */,
			);
			runOnlyForDeploymentPostprocessing = 0;
		};
/* End PBXFrameworksBuildPhase section */

/* Begin PBXGroup section */
		080E96DDFE201D6D7F000001 /* Classes */ = {
			isa = PBXGroup;
			children = (
				1D3623240D0F684500981E51 /* Repper_iOSAppDelegate.h */,
				1D3623250D0F684500981E51 /* Repper_iOSAppDelegate.m */,
				DE57CD35132EE717000B34CE /* MainViewController.h */,
				DE57CD36132EE717000B34CE /* MainViewController.m */,
				DE57CD4E132EE78A000B34CE /* RepsViewController.h */,
				DE57CD4F132EE78A000B34CE /* RepsViewController.m */,
				DEAFB8FE132FD2E300C33988 /* WeightTextFieldDelegate.h */,
				DEAFB8FF132FD2E300C33988 /* WeightTextFieldDelegate.m */,
				DE6927CF13319CAE00C890A2 /* SetTableViewCell.h */,
				DE6927D013319CAE00C890A2 /* SetTableViewCell.m */,
				DE3A9E9213325B61001D7D9C /* RepperObject.h */,
				DE3A9E9313325B61001D7D9C /* RepperObject.m */,
			);
			path = Classes;
			sourceTree = "<group>";
		};
		19C28FACFE9D520D11CA2CBB /* Products */ = {
			isa = PBXGroup;
			children = (
				1D6058910D05DD3D006BFB54 /* Repper.app */,
			);
			name = Products;
			sourceTree = "<group>";
		};
		29B97314FDCFA39411CA2CEA /* CustomTemplate */ = {
			isa = PBXGroup;
			children = (
				DE6927CC133197FE00C890A2 /* AppData */,
				080E96DDFE201D6D7F000001 /* Classes */,
				29B97315FDCFA39411CA2CEA /* Other Sources */,
				29B97317FDCFA39411CA2CEA /* Resources */,
				29B97323FDCFA39411CA2CEA /* Frameworks */,
				19C28FACFE9D520D11CA2CBB /* Products */,
				DEAFB969132FDF3F00C33988 /* QuartzCore.framework */,
			);
			name = CustomTemplate;
			sourceTree = "<group>";
		};
		29B97315FDCFA39411CA2CEA /* Other Sources */ = {
			isa = PBXGroup;
			children = (
				32CA4F630368D1EE00C91783 /* Repper_iOS_Prefix.pch */,
				29B97316FDCFA39411CA2CEA /* main.m */,
			);
			name = "Other Sources";
			sourceTree = "<group>";
		};
		29B97317FDCFA39411CA2CEA /* Resources */ = {
			isa = PBXGroup;
			children = (
				DE37CC5913392662002F1869 /* iTunesArtwork */,
				DEF66B9C1338E95F002D56CB /* Icon-72.png */,
				DEF66B9D1338E95F002D56CB /* Icon-Small-50.png */,
				DEF66B9E1338E95F002D56CB /* Icon-Small.png */,
				DEF66B9F1338E95F002D56CB /* Icon-Small@2x.png */,
				DEF66BA01338E95F002D56CB /* Icon.png */,
				DEF66BA11338E95F002D56CB /* Icon@2x.png */,
				DE57CD5E132EEE5D000B34CE /* fitness_background.jpg */,
				DE4CC567133671D800F1CF91 /* calculateButon.png */,
				DE57CD37132EE717000B34CE /* MainViewController.xib */,
				28AD733E0D9D9553002E5188 /* MainWindow.xib */,
				DE57CD50132EE78A000B34CE /* RepsViewController.xib */,
				8D1107310486CEB800E47090 /* Repper_iOS-Info.plist */,
				DE6927D21331A1FA00C890A2 /* SetTableViewCell.xib */,
			);
			name = Resources;
			sourceTree = "<group>";
		};
		29B97323FDCFA39411CA2CEA /* Frameworks */ = {
			isa = PBXGroup;
			children = (
				1DF5F4DF0D08C38300B7A737 /* UIKit.framework */,
				1D30AB110D05D00D00671497 /* Foundation.framework */,
				288765FC0DF74451002DB57D /* CoreGraphics.framework */,
			);
			name = Frameworks;
			sourceTree = "<group>";
		};
		DE6927CC133197FE00C890A2 /* AppData */ = {
			isa = PBXGroup;
			children = (
				DE64C1CA133051940090F456 /* AppDataObject.h */,
				DE64C1CB133051950090F456 /* AppDataObject.m */,
				DE64C1CF133053060090F456 /* AppDelegateProtocol.h */,
				DE64C1D4133068900090F456 /* ExampleAppDataObject.h */,
				DE64C1D5133068900090F456 /* ExampleAppDataObject.m */,
			);
			name = AppData;
			sourceTree = "<group>";
		};
/* End PBXGroup section */

/* Begin PBXNativeTarget section */
		1D6058900D05DD3D006BFB54 /* Repper-iPhone */ = {
			isa = PBXNativeTarget;
			buildConfigurationList = 1D6058960D05DD3E006BFB54 /* Build configuration list for PBXNativeTarget "Repper-iPhone" */;
			buildPhases = (
				1D60588D0D05DD3D006BFB54 /* Resources */,
				1D60588E0D05DD3D006BFB54 /* Sources */,
				1D60588F0D05DD3D006BFB54 /* Frameworks */,
			);
			buildRules = (
			);
			dependencies = (
			);
			name = "Repper-iPhone";
			productName = "Repper-iOS";
			productReference = 1D6058910D05DD3D006BFB54 /* Repper.app */;
			productType = "com.apple.product-type.application";
		};
/* End PBXNativeTarget section */

/* Begin PBXProject section */
		29B97313FDCFA39411CA2CEA /* Project object */ = {
			isa = PBXProject;
			buildConfigurationList = C01FCF4E08A954540054247B /* Build configuration list for PBXProject "Repper-iPhone" */;
			compatibilityVersion = "Xcode 3.1";
			developmentRegion = English;
			hasScannedForEncodings = 1;
			knownRegions = (
				English,
				Japanese,
				French,
				German,
			);
			mainGroup = 29B97314FDCFA39411CA2CEA /* CustomTemplate */;
			projectDirPath = "";
			projectRoot = "";
			targets = (
				1D6058900D05DD3D006BFB54 /* Repper-iPhone */,
			);
		};
/* End PBXProject section */

/* Begin PBXResourcesBuildPhase section */
		1D60588D0D05DD3D006BFB54 /* Resources */ = {
			isa = PBXResourcesBuildPhase;
			buildActionMask = 2147483647;
			files = (
				28AD733F0D9D9553002E5188 /* MainWindow.xib in Resources */,
				DE57CD39132EE717000B34CE /* MainViewController.xib in Resources */,
				DE57CD52132EE78A000B34CE /* RepsViewController.xib in Resources */,
				DE57CD5F132EEE5D000B34CE /* fitness_background.jpg in Resources */,
				DE6927D31331A1FA00C890A2 /* SetTableViewCell.xib in Resources */,
				DE4CC568133671D800F1CF91 /* calculateButon.png in Resources */,
				DEF66BA21338E95F002D56CB /* Icon-72.png in Resources */,
				DEF66BA31338E95F002D56CB /* Icon-Small-50.png in Resources */,
				DEF66BA41338E95F002D56CB /* Icon-Small.png in Resources */,
				DEF66BA51338E95F002D56CB /* Icon-Small@2x.png in Resources */,
				DEF66BA61338E95F002D56CB /* Icon.png in Resources */,
				DEF66BA71338E95F002D56CB /* Icon@2x.png in Resources */,
				DE37CC5A13392662002F1869 /* iTunesArtwork in Resources */,
			);
			runOnlyForDeploymentPostprocessing = 0;
		};
/* End PBXResourcesBuildPhase section */

/* Begin PBXSourcesBuildPhase section */
		1D60588E0D05DD3D006BFB54 /* Sources */ = {
			isa = PBXSourcesBuildPhase;
			buildActionMask = 2147483647;
			files = (
				1D60589B0D05DD56006BFB54 /* main.m in Sources */,
				1D3623260D0F684500981E51 /* Repper_iOSAppDelegate.m in Sources */,
				DE57CD38132EE717000B34CE /* MainViewController.m in Sources */,
				DE57CD51132EE78A000B34CE /* RepsViewController.m in Sources */,
				DEAFB900132FD2E300C33988 /* WeightTextFieldDelegate.m in Sources */,
				DE64C1CC133051950090F456 /* AppDataObject.m in Sources */,
				DE64C1D6133068900090F456 /* ExampleAppDataObject.m in Sources */,
				DE6927D113319CAE00C890A2 /* SetTableViewCell.m in Sources */,
				DE3A9E9413325B61001D7D9C /* RepperObject.m in Sources */,
			);
			runOnlyForDeploymentPostprocessing = 0;
		};
/* End PBXSourcesBuildPhase section */

/* Begin XCBuildConfiguration section */
		1D6058940D05DD3E006BFB54 /* Debug */ = {
			isa = XCBuildConfiguration;
			buildSettings = {
				ALWAYS_SEARCH_USER_PATHS = NO;
				COPY_PHASE_STRIP = NO;
				GCC_DYNAMIC_NO_PIC = NO;
				GCC_OPTIMIZATION_LEVEL = 0;
				GCC_PRECOMPILE_PREFIX_HEADER = YES;
				GCC_PREFIX_HEADER = Repper_iOS_Prefix.pch;
				INFOPLIST_FILE = "Repper_iOS-Info.plist";
				IPHONEOS_DEPLOYMENT_TARGET = 4.3;
				PRODUCT_NAME = Repper;
			};
			name = Debug;
		};
		1D6058950D05DD3E006BFB54 /* Release */ = {
			isa = XCBuildConfiguration;
			buildSettings = {
				ALWAYS_SEARCH_USER_PATHS = NO;
				COPY_PHASE_STRIP = YES;
				GCC_PRECOMPILE_PREFIX_HEADER = YES;
				GCC_PREFIX_HEADER = Repper_iOS_Prefix.pch;
				INFOPLIST_FILE = "Repper_iOS-Info.plist";
				IPHONEOS_DEPLOYMENT_TARGET = 4.3;
				PRODUCT_NAME = Repper;
				VALIDATE_PRODUCT = YES;
			};
			name = Release;
		};
		C01FCF4F08A954540054247B /* Debug */ = {
			isa = XCBuildConfiguration;
			buildSettings = {
				ARCHS = "$(ARCHS_STANDARD_32_BIT)";
				CODE_SIGN_IDENTITY = "iPhone Distribution";
				"CODE_SIGN_IDENTITY[sdk=iphoneos*]" = "iPhone Distribution";
				GCC_C_LANGUAGE_STANDARD = c99;
				GCC_WARN_ABOUT_RETURN_TYPE = YES;
				GCC_WARN_UNUSED_VARIABLE = YES;
				PREBINDING = NO;
				PRODUCT_NAME = "";
				PROVISIONING_PROFILE = "";
				"PROVISIONING_PROFILE[sdk=iphoneos*]" = "";
				SDKROOT = iphoneos4.3;
			};
			name = Debug;
		};
		C01FCF5008A954540054247B /* Release */ = {
			isa = XCBuildConfiguration;
			buildSettings = {
				ARCHS = "$(ARCHS_STANDARD_32_BIT)";
				CODE_SIGN_IDENTITY = "iPhone Distribution";
				"CODE_SIGN_IDENTITY[sdk=iphoneos*]" = "iPhone Distribution";
				GCC_C_LANGUAGE_STANDARD = c99;
				GCC_WARN_ABOUT_RETURN_TYPE = YES;
				GCC_WARN_UNUSED_VARIABLE = YES;
				OTHER_CFLAGS = "-DNS_BLOCK_ASSERTIONS=1";
				PREBINDING = NO;
				PRODUCT_NAME = "";
				PROVISIONING_PROFILE = "";
				"PROVISIONING_PROFILE[sdk=iphoneos*]" = "";
				SDKROOT = iphoneos4.3;
			};
			name = Release;
		};
/* End XCBuildConfiguration section */

/* Begin XCConfigurationList section */
		1D6058960D05DD3E006BFB54 /* Build configuration list for PBXNativeTarget "Repper-iPhone" */ = {
			isa = XCConfigurationList;
			buildConfigurations = (
				1D6058940D05DD3E006BFB54 /* Debug */,
				1D6058950D05DD3E006BFB54 /* Release */,
			);
			defaultConfigurationIsVisible = 0;
			defaultConfigurationName = Release;
		};
		C01FCF4E08A954540054247B /* Build configuration list for PBXProject "Repper-iPhone" */ = {
			isa = XCConfigurationList;
			buildConfigurations = (
				C01FCF4F08A954540054247B /* Debug */,
				C01FCF5008A954540054247B /* Release */,
			);
			defaultConfigurationIsVisible = 0;
			defaultConfigurationName = Release;
		};
/* End XCConfigurationList section */
	};
	rootObject = 29B97313FDCFA39411CA2CEA /* Project object */;
}
